
Microsoft Visual Studio Solution File, Format Version 12.00
# Visual Studio 2013
VisualStudioVersion = 12.0.40629.0
MinimumVisualStudioVersion = 10.0.40219.1
Project("{8BC9CEB8-8B4A-11D0-8D11-00A0C91BC942}") = "HOMWRK_Day04_03", "HOMWRK_Day04_03\HOMWRK_Day04_03.vcxproj", "{ACF41E6D-8068-49C9-99A7-658EED900182}"
EndProject
Global
	GlobalSection(SolutionConfigurationPlatforms) = preSolution
		Debug|Win32 = Debug|Win32
		Release|Win32 = Release|Win32
	EndGlobalSection
	GlobalSection(ProjectConfigurationPlatforms) = postSolution
		{ACF41E6D-8068-49C9-99A7-658EED900182}.Debug|Win32.ActiveCfg = Debug|Win32
		{ACF41E6D-8068-49C9-99A7-658EED900182}.Debug|Win32.Build.0 = Debug|Win32
		{ACF41E6D-8068-49C9-99A7-658EED900182}.Release|Win32.ActiveCfg = Release|Win32
		{ACF41E6D-8068-49C9-99A7-658EED900182}.Release|Win32.Build.0 = Release|Win32
	EndGlobalSection
	GlobalSection(SolutionProperties) = preSolution
		HideSolutionNode = FALSE
	EndGlobalSection
EndGlobal
